
Microsoft Visual Studio Solution File, Format Version 12.00
# Visual Studio Version 17
VisualStudioVersion = 17.4.33122.133
MinimumVisualStudioVersion = 10.0.40219.1
Project("{FAE04EC0-301F-11D3-BF4B-00C04F79EFBC}") = "PopmasterMicroSite", "PopmasterMicroSite.csproj", "{60DC6F9E-0C6B-4D8C-8DEB-D12D058CE592}"
EndProject
Global
	GlobalSection(SolutionConfigurationPlatforms) = preSolution
		Debug|Any CPU = Debug|Any CPU
		Release|Any CPU = Release|Any CPU
	EndGlobalSection
	GlobalSection(ProjectConfigurationPlatforms) = postSolution
		{60DC6F9E-0C6B-4D8C-8DEB-D12D058CE592}.Debug|Any CPU.ActiveCfg = Debug|Any CPU
		{60DC6F9E-0C6B-4D8C-8DEB-D12D058CE592}.Debug|Any CPU.Build.0 = Debug|Any CPU
		{60DC6F9E-0C6B-4D8C-8DEB-D12D058CE592}.Release|Any CPU.ActiveCfg = Release|Any CPU
		{60DC6F9E-0C6B-4D8C-8DEB-D12D058CE592}.Release|Any CPU.Build.0 = Release|Any CPU
	EndGlobalSection
	GlobalSection(SolutionProperties) = preSolution
		HideSolutionNode = FALSE
	EndGlobalSection
	GlobalSection(ExtensibilityGlobals) = postSolution
		SolutionGuid = {9FE43C9B-7932-4A3C-952B-96D231261BF5}
	EndGlobalSection
EndGlobal
